
Microsoft Visual Studio Solution File, Format Version 12.00
Project("{FAE04EC0-301F-11D3-BF4B-00C04F79EFBC}") = "Gambolpuddy", "Gambolpuddy\Gambolpuddy.csproj", "{2640F268-3446-4C29-AC7A-4624DD8B42D9}"
EndProject
Project("{FAE04EC0-301F-11D3-BF4B-00C04F79EFBC}") = "Gambolpuddy.Lib", "Gambolpuddy.Lib\Gambolpuddy.Lib.csproj", "{B80F7C6A-7277-433C-A92D-9562537FAE55}"
EndProject
Project("{FAE04EC0-301F-11D3-BF4B-00C04F79EFBC}") = "Gambolpuddy.Test", "Gambolpuddy.Test\Gambolpuddy.Test.csproj", "{71AC69C5-44C7-4514-B2F7-CC504AB87746}"
EndProject
Project("{FAE04EC0-301F-11D3-BF4B-00C04F79EFBC}") = "ClassBasedEnchantments", "ClassBasedEnchantments\ClassBasedEnchantments.csproj", "{34FA9EEF-CA36-45F0-9B1C-6C42C8D90220}"
EndProject
Global
	GlobalSection(SolutionConfigurationPlatforms) = preSolution
		Debug|Any CPU = Debug|Any CPU
		Release|Any CPU = Release|Any CPU
	EndGlobalSection
	GlobalSection(ProjectConfigurationPlatforms) = postSolution
		{2640F268-3446-4C29-AC7A-4624DD8B42D9}.Debug|Any CPU.ActiveCfg = Debug|Any CPU
		{2640F268-3446-4C29-AC7A-4624DD8B42D9}.Debug|Any CPU.Build.0 = Debug|Any CPU
		{2640F268-3446-4C29-AC7A-4624DD8B42D9}.Release|Any CPU.ActiveCfg = Release|Any CPU
		{2640F268-3446-4C29-AC7A-4624DD8B42D9}.Release|Any CPU.Build.0 = Release|Any CPU
		{B80F7C6A-7277-433C-A92D-9562537FAE55}.Debug|Any CPU.ActiveCfg = Debug|Any CPU
		{B80F7C6A-7277-433C-A92D-9562537FAE55}.Debug|Any CPU.Build.0 = Debug|Any CPU
		{B80F7C6A-7277-433C-A92D-9562537FAE55}.Release|Any CPU.ActiveCfg = Release|Any CPU
		{B80F7C6A-7277-433C-A92D-9562537FAE55}.Release|Any CPU.Build.0 = Release|Any CPU
		{71AC69C5-44C7-4514-B2F7-CC504AB87746}.Debug|Any CPU.ActiveCfg = Debug|Any CPU
		{71AC69C5-44C7-4514-B2F7-CC504AB87746}.Debug|Any CPU.Build.0 = Debug|Any CPU
		{71AC69C5-44C7-4514-B2F7-CC504AB87746}.Release|Any CPU.ActiveCfg = Release|Any CPU
		{71AC69C5-44C7-4514-B2F7-CC504AB87746}.Release|Any CPU.Build.0 = Release|Any CPU
		{34FA9EEF-CA36-45F0-9B1C-6C42C8D90220}.Debug|Any CPU.ActiveCfg = Debug|Any CPU
		{34FA9EEF-CA36-45F0-9B1C-6C42C8D90220}.Debug|Any CPU.Build.0 = Debug|Any CPU
		{34FA9EEF-CA36-45F0-9B1C-6C42C8D90220}.Release|Any CPU.ActiveCfg = Release|Any CPU
		{34FA9EEF-CA36-45F0-9B1C-6C42C8D90220}.Release|Any CPU.Build.0 = Release|Any CPU
	EndGlobalSection
EndGlobal
